uuid: 9872b2b2-6a7e-42ec-bce5-4df97bfeea15
langcode: en
status: true
dependencies:
  config:
    - views.view.alert
  module:
    - views
  theme:
    - penn_starter
id: penn_starter_views_block__alert_block
theme: penn_starter
region: alert
weight: 0
provider: null
plugin: 'views_block:alert-alert_block'
settings:
  id: 'views_block:alert-alert_block'
  label: ''
  provider: views
  label_display: '0'
  views_label: ''
  items_per_page: none
visibility: {  }
